// !$*UTF8*$!
{
	archiveVersion = 1;
	classes = {
	};
	objectVersion = 46;
	objects = {

/* Begin PBXBuildFile section */
		CF1611F01E6C00F900C6A6DA /* TCVideoCallAdapterKit-PrefixHeader.pch in Headers */ = {isa = PBXBuildFile; fileRef = CF1611EE1E6C00F900C6A6DA /* TCVideoCallAdapterKit-PrefixHeader.pch */; };
		CF1611F11E6C00F900C6A6DA /* TCVideoCallAdapterKit.h in Headers */ = {isa = PBXBuildFile; fileRef = CF1611EF1E6C00F900C6A6DA /* TCVideoCallAdapterKit.h */; settings = {ATTRIBUTES = (Public, ); }; };
		CF1612051E6C019200C6A6DA /* AVFrameDispatcher.h in Headers */ = {isa = PBXBuildFile; fileRef = CF1611F41E6C019200C6A6DA /* AVFrameDispatcher.h */; };
		CF1612061E6C019200C6A6DA /* AVFrameDispatcher.m in Sources */ = {isa = PBXBuildFile; fileRef = CF1611F51E6C019200C6A6DA /* AVFrameDispatcher.m */; settings = {COMPILER_FLAGS = "-fno-objc-arc"; }; };
		CF1612071E6C019200C6A6DA /* AVGLBaseView.h in Headers */ = {isa = PBXBuildFile; fileRef = CF1611F61E6C019200C6A6DA /* AVGLBaseView.h */; };
		CF1612081E6C019200C6A6DA /* AVGLBaseView.m in Sources */ = {isa = PBXBuildFile; fileRef = CF1611F71E6C019200C6A6DA /* AVGLBaseView.m */; settings = {COMPILER_FLAGS = "-fno-objc-arc"; }; };
		CF1612091E6C019200C6A6DA /* AVGLCommon.h in Headers */ = {isa = PBXBuildFile; fileRef = CF1611F81E6C019200C6A6DA /* AVGLCommon.h */; };
		CF16120A1E6C019200C6A6DA /* AVGLCommon.m in Sources */ = {isa = PBXBuildFile; fileRef = CF1611F91E6C019200C6A6DA /* AVGLCommon.m */; settings = {COMPILER_FLAGS = "-fno-objc-arc"; }; };
		CF16120B1E6C019200C6A6DA /* AVGLImage.h in Headers */ = {isa = PBXBuildFile; fileRef = CF1611FA1E6C019200C6A6DA /* AVGLImage.h */; };
		CF16120C1E6C019200C6A6DA /* AVGLImage.m in Sources */ = {isa = PBXBuildFile; fileRef = CF1611FB1E6C019200C6A6DA /* AVGLImage.m */; settings = {COMPILER_FLAGS = "-fno-objc-arc"; }; };
		CF16120D1E6C019200C6A6DA /* AVGLRenderView+Animation.h in Headers */ = {isa = PBXBuildFile; fileRef = CF1611FC1E6C019200C6A6DA /* AVGLRenderView+Animation.h */; };
		CF16120E1E6C019200C6A6DA /* AVGLRenderView+Animation.m in Sources */ = {isa = PBXBuildFile; fileRef = CF1611FD1E6C019200C6A6DA /* AVGLRenderView+Animation.m */; settings = {COMPILER_FLAGS = "-fno-objc-arc"; }; };
		CF16120F1E6C019200C6A6DA /* AVGLRenderView.h in Headers */ = {isa = PBXBuildFile; fileRef = CF1611FE1E6C019200C6A6DA /* AVGLRenderView.h */; };
		CF1612101E6C019200C6A6DA /* AVGLRenderView.mm in Sources */ = {isa = PBXBuildFile; fileRef = CF1611FF1E6C019200C6A6DA /* AVGLRenderView.mm */; settings = {COMPILER_FLAGS = "-fno-objc-arc"; }; };
		CF1612111E6C019200C6A6DA /* AVGLShareInstance.h in Headers */ = {isa = PBXBuildFile; fileRef = CF1612001E6C019200C6A6DA /* AVGLShareInstance.h */; };
		CF1612121E6C019200C6A6DA /* AVGLShareInstance.m in Sources */ = {isa = PBXBuildFile; fileRef = CF1612011E6C019200C6A6DA /* AVGLShareInstance.m */; settings = {COMPILER_FLAGS = "-fno-objc-arc"; }; };
		CF1612131E6C019200C6A6DA /* AVOpenGLHeader.h in Headers */ = {isa = PBXBuildFile; fileRef = CF1612021E6C019200C6A6DA /* AVOpenGLHeader.h */; };
		CF1612141E6C019200C6A6DA /* Shaderf.glsl in Resources */ = {isa = PBXBuildFile; fileRef = CF1612031E6C019200C6A6DA /* Shaderf.glsl */; };
		CF1612151E6C019200C6A6DA /* Shaderv.glsl in Resources */ = {isa = PBXBuildFile; fileRef = CF1612041E6C019200C6A6DA /* Shaderv.glsl */; };
		CF1612191E6C01D300C6A6DA /* TCAVLivePreView.h in Headers */ = {isa = PBXBuildFile; fileRef = CF1612171E6C01D300C6A6DA /* TCAVLivePreView.h */; settings = {ATTRIBUTES = (Public, ); }; };
		CF16121A1E6C01D300C6A6DA /* TCAVLivePreView.m in Sources */ = {isa = PBXBuildFile; fileRef = CF1612181E6C01D300C6A6DA /* TCAVLivePreView.m */; };
		CF16121D1E6C023E00C6A6DA /* TCAVFrameDispatcher.h in Headers */ = {isa = PBXBuildFile; fileRef = CF16121B1E6C023E00C6A6DA /* TCAVFrameDispatcher.h */; };
		CF16121E1E6C023E00C6A6DA /* TCAVFrameDispatcher.m in Sources */ = {isa = PBXBuildFile; fileRef = CF16121C1E6C023E00C6A6DA /* TCAVFrameDispatcher.m */; };
		CF1612261E6C032500C6A6DA /* TCIMUserEntity.h in Headers */ = {isa = PBXBuildFile; fileRef = CF1612241E6C032500C6A6DA /* TCIMUserEntity.h */; settings = {ATTRIBUTES = (Public, ); }; };
		CF1612271E6C032500C6A6DA /* TCIMUserEntity.m in Sources */ = {isa = PBXBuildFile; fileRef = CF1612251E6C032500C6A6DA /* TCIMUserEntity.m */; };
		CF16122A1E6C033300C6A6DA /* TCAVIMUserEntity.h in Headers */ = {isa = PBXBuildFile; fileRef = CF1612281E6C033300C6A6DA /* TCAVIMUserEntity.h */; settings = {ATTRIBUTES = (Public, ); }; };
		CF16122B1E6C033300C6A6DA /* TCAVIMUserEntity.m in Sources */ = {isa = PBXBuildFile; fileRef = CF1612291E6C033300C6A6DA /* TCAVIMUserEntity.m */; };
		CF16122F1E6C03AF00C6A6DA /* TCIMManager.h in Headers */ = {isa = PBXBuildFile; fileRef = CF16122D1E6C03AF00C6A6DA /* TCIMManager.h */; settings = {ATTRIBUTES = (Public, ); }; };
		CF1612301E6C03AF00C6A6DA /* TCIMManager.m in Sources */ = {isa = PBXBuildFile; fileRef = CF16122E1E6C03AF00C6A6DA /* TCIMManager.m */; };
		CF1612351E6C04D100C6A6DA /* TCIMHost.h in Headers */ = {isa = PBXBuildFile; fileRef = CF1612311E6C04D100C6A6DA /* TCIMHost.h */; settings = {ATTRIBUTES = (Public, ); }; };
		CF1612361E6C04D100C6A6DA /* TCIMHost.m in Sources */ = {isa = PBXBuildFile; fileRef = CF1612321E6C04D100C6A6DA /* TCIMHost.m */; };
		CF1612371E6C04D100C6A6DA /* TCIMLoginParam.h in Headers */ = {isa = PBXBuildFile; fileRef = CF1612331E6C04D100C6A6DA /* TCIMLoginParam.h */; settings = {ATTRIBUTES = (Public, ); }; };
		CF1612381E6C04D100C6A6DA /* TCIMLoginParam.m in Sources */ = {isa = PBXBuildFile; fileRef = CF1612341E6C04D100C6A6DA /* TCIMLoginParam.m */; };
		CF16124C1E6C061600C6A6DA /* libsqlite3.tbd in Frameworks */ = {isa = PBXBuildFile; fileRef = CF16124B1E6C061600C6A6DA /* libsqlite3.tbd */; };
		CF16124E1E6C061B00C6A6DA /* AVFoundation.framework in Frameworks */ = {isa = PBXBuildFile; fileRef = CF16124D1E6C061B00C6A6DA /* AVFoundation.framework */; };
		CF1612501E6C062000C6A6DA /* UIKit.framework in Frameworks */ = {isa = PBXBuildFile; fileRef = CF16124F1E6C062000C6A6DA /* UIKit.framework */; };
		CF1612521E6C062700C6A6DA /* Security.framework in Frameworks */ = {isa = PBXBuildFile; fileRef = CF1612511E6C062700C6A6DA /* Security.framework */; };
		CF1612541E6C062C00C6A6DA /* ImageIO.framework in Frameworks */ = {isa = PBXBuildFile; fileRef = CF1612531E6C062C00C6A6DA /* ImageIO.framework */; };
		CF1612561E6C063600C6A6DA /* SystemConfiguration.framework in Frameworks */ = {isa = PBXBuildFile; fileRef = CF1612551E6C063600C6A6DA /* SystemConfiguration.framework */; };
		CF1612581E6C063E00C6A6DA /* libc++.tbd in Frameworks */ = {isa = PBXBuildFile; fileRef = CF1612571E6C063E00C6A6DA /* libc++.tbd */; };
		CF16125A1E6C064600C6A6DA /* libiconv.tbd in Frameworks */ = {isa = PBXBuildFile; fileRef = CF1612591E6C064600C6A6DA /* libiconv.tbd */; };
		CF16125C1E6C064C00C6A6DA /* AudioToolbox.framework in Frameworks */ = {isa = PBXBuildFile; fileRef = CF16125B1E6C064C00C6A6DA /* AudioToolbox.framework */; };
		CF16125E1E6C065400C6A6DA /* CoreTelephony.framework in Frameworks */ = {isa = PBXBuildFile; fileRef = CF16125D1E6C065400C6A6DA /* CoreTelephony.framework */; };
		CF1612601E6C065D00C6A6DA /* CoreText.framework in Frameworks */ = {isa = PBXBuildFile; fileRef = CF16125F1E6C065D00C6A6DA /* CoreText.framework */; };
		CF1612621E6C066300C6A6DA /* MobileCoreServices.framework in Frameworks */ = {isa = PBXBuildFile; fileRef = CF1612611E6C066300C6A6DA /* MobileCoreServices.framework */; };
		CF1612641E6C066900C6A6DA /* libz.tbd in Frameworks */ = {isa = PBXBuildFile; fileRef = CF1612631E6C066900C6A6DA /* libz.tbd */; };
		CF1612661E6C066F00C6A6DA /* libstdc++.6.tbd in Frameworks */ = {isa = PBXBuildFile; fileRef = CF1612651E6C066F00C6A6DA /* libstdc++.6.tbd */; };
		CF1612681E6C067500C6A6DA /* libresolv.tbd in Frameworks */ = {isa = PBXBuildFile; fileRef = CF1612671E6C067500C6A6DA /* libresolv.tbd */; };
		CF16126D1E6C074100C6A6DA /* TCAVShareContext.h in Headers */ = {isa = PBXBuildFile; fileRef = CF16126B1E6C074100C6A6DA /* TCAVShareContext.h */; };
		CF16126E1E6C074100C6A6DA /* TCAVShareContext.m in Sources */ = {isa = PBXBuildFile; fileRef = CF16126C1E6C074100C6A6DA /* TCAVShareContext.m */; };
		CF16127B1E6C07EE00C6A6DA /* TCAVHost.h in Headers */ = {isa = PBXBuildFile; fileRef = CF1612771E6C07EE00C6A6DA /* TCAVHost.h */; settings = {ATTRIBUTES = (Public, ); }; };
		CF16127C1E6C07EE00C6A6DA /* TCAVHost.m in Sources */ = {isa = PBXBuildFile; fileRef = CF1612781E6C07EE00C6A6DA /* TCAVHost.m */; };
		CF16127D1E6C07EE00C6A6DA /* TCAVIMAdapter.h in Headers */ = {isa = PBXBuildFile; fileRef = CF1612791E6C07EE00C6A6DA /* TCAVIMAdapter.h */; settings = {ATTRIBUTES = (Public, ); }; };
		CF16127E1E6C07EE00C6A6DA /* TCAVIMAdapter.m in Sources */ = {isa = PBXBuildFile; fileRef = CF16127A1E6C07EE00C6A6DA /* TCAVIMAdapter.m */; };
		CF16129B1E6C0B7600C6A6DA /* Analytics.framework in Frameworks */ = {isa = PBXBuildFile; fileRef = CF1612921E6C0B7600C6A6DA /* Analytics.framework */; };
		CF16129D1E6C0B7600C6A6DA /* IMCore.framework in Frameworks */ = {isa = PBXBuildFile; fileRef = CF1612941E6C0B7600C6A6DA /* IMCore.framework */; };
		CF16129E1E6C0B7600C6A6DA /* ImSDK.framework in Frameworks */ = {isa = PBXBuildFile; fileRef = CF1612951E6C0B7600C6A6DA /* ImSDK.framework */; };
		CF16129F1E6C0B7600C6A6DA /* IMSDKBugly.framework in Frameworks */ = {isa = PBXBuildFile; fileRef = CF1612961E6C0B7600C6A6DA /* IMSDKBugly.framework */; };
		CF1612A01E6C0B7600C6A6DA /* QALSDK.framework in Frameworks */ = {isa = PBXBuildFile; fileRef = CF1612971E6C0B7600C6A6DA /* QALSDK.framework */; };
		CF1612A11E6C0B7600C6A6DA /* QAVSDK.framework in Frameworks */ = {isa = PBXBuildFile; fileRef = CF1612981E6C0B7600C6A6DA /* QAVSDK.framework */; };
		CF1612A31E6C0B7600C6A6DA /* xplatform.framework in Frameworks */ = {isa = PBXBuildFile; fileRef = CF16129A1E6C0B7600C6A6DA /* xplatform.framework */; };
		CF43B64D1E73E46800A586E4 /* TLSSDK.framework in Frameworks */ = {isa = PBXBuildFile; fileRef = CF43B64C1E73E46800A586E4 /* TLSSDK.framework */; };
		CF43B64F1E73E69100A586E4 /* TLSUI.framework in Frameworks */ = {isa = PBXBuildFile; fileRef = CF43B64E1E73E69100A586E4 /* TLSUI.framework */; };
		CF43B65D1E73E71E00A586E4 /* WXApi.h in Headers */ = {isa = PBXBuildFile; fileRef = CF43B65A1E73E71E00A586E4 /* WXApi.h */; };
		CF43B65E1E73E71E00A586E4 /* WXApiObject.h in Headers */ = {isa = PBXBuildFile; fileRef = CF43B65B1E73E71E00A586E4 /* WXApiObject.h */; };
		CF43B65F1E73E71E00A586E4 /* libWeChatSDK.a in Frameworks */ = {isa = PBXBuildFile; fileRef = CF43B65C1E73E71E00A586E4 /* libWeChatSDK.a */; };
/* End PBXBuildFile section */

/* Begin PBXFileReference section */
		CF1611E21E6C005D00C6A6DA /* TCVideoCallAdapterKit.framework */ = {isa = PBXFileReference; explicitFileType = wrapper.framework; includeInIndex = 0; path = TCVideoCallAdapterKit.framework; sourceTree = BUILT_PRODUCTS_DIR; };
		CF1611E61E6C005D00C6A6DA /* Info.plist */ = {isa = PBXFileReference; lastKnownFileType = text.plist.xml; path = Info.plist; sourceTree = "<group>"; };
		CF1611EE1E6C00F900C6A6DA /* TCVideoCallAdapterKit-PrefixHeader.pch */ = {isa = PBXFileReference; fileEncoding = 4; lastKnownFileType = sourcecode.c.h; path = "TCVideoCallAdapterKit-PrefixHeader.pch"; sourceTree = "<group>"; };
		CF1611EF1E6C00F900C6A6DA /* TCVideoCallAdapterKit.h */ = {isa = PBXFileReference; fileEncoding = 4; lastKnownFileType = sourcecode.c.h; path = TCVideoCallAdapterKit.h; sourceTree = "<group>"; };
		CF1611F41E6C019200C6A6DA /* AVFrameDispatcher.h */ = {isa = PBXFileReference; fileEncoding = 4; lastKnownFileType = sourcecode.c.h; path = AVFrameDispatcher.h; sourceTree = "<group>"; };
		CF1611F51E6C019200C6A6DA /* AVFrameDispatcher.m */ = {isa = PBXFileReference; fileEncoding = 4; lastKnownFileType = sourcecode.c.objc; path = AVFrameDispatcher.m; sourceTree = "<group>"; };
		CF1611F61E6C019200C6A6DA /* AVGLBaseView.h */ = {isa = PBXFileReference; fileEncoding = 4; lastKnownFileType = sourcecode.c.h; path = AVGLBaseView.h; sourceTree = "<group>"; };
		CF1611F71E6C019200C6A6DA /* AVGLBaseView.m */ = {isa = PBXFileReference; fileEncoding = 4; lastKnownFileType = sourcecode.c.objc; path = AVGLBaseView.m; sourceTree = "<group>"; };
		CF1611F81E6C019200C6A6DA /* AVGLCommon.h */ = {isa = PBXFileReference; fileEncoding = 4; lastKnownFileType = sourcecode.c.h; path = AVGLCommon.h; sourceTree = "<group>"; };
		CF1611F91E6C019200C6A6DA /* AVGLCommon.m */ = {isa = PBXFileReference; fileEncoding = 4; lastKnownFileType = sourcecode.c.objc; path = AVGLCommon.m; sourceTree = "<group>"; };
		CF1611FA1E6C019200C6A6DA /* AVGLImage.h */ = {isa = PBXFileReference; fileEncoding = 4; lastKnownFileType = sourcecode.c.h; path = AVGLImage.h; sourceTree = "<group>"; };
		CF1611FB1E6C019200C6A6DA /* AVGLImage.m */ = {isa = PBXFileReference; fileEncoding = 4; lastKnownFileType = sourcecode.c.objc; path = AVGLImage.m; sourceTree = "<group>"; };
		CF1611FC1E6C019200C6A6DA /* AVGLRenderView+Animation.h */ = {isa = PBXFileReference; fileEncoding = 4; lastKnownFileType = sourcecode.c.h; path = "AVGLRenderView+Animation.h"; sourceTree = "<group>"; };
		CF1611FD1E6C019200C6A6DA /* AVGLRenderView+Animation.m */ = {isa = PBXFileReference; fileEncoding = 4; lastKnownFileType = sourcecode.c.objc; path = "AVGLRenderView+Animation.m"; sourceTree = "<group>"; };
		CF1611FE1E6C019200C6A6DA /* AVGLRenderView.h */ = {isa = PBXFileReference; fileEncoding = 4; lastKnownFileType = sourcecode.c.h; path = AVGLRenderView.h; sourceTree = "<group>"; };
		CF1611FF1E6C019200C6A6DA /* AVGLRenderView.mm */ = {isa = PBXFileReference; fileEncoding = 4; lastKnownFileType = sourcecode.cpp.objcpp; path = AVGLRenderView.mm; sourceTree = "<group>"; };
		CF1612001E6C019200C6A6DA /* AVGLShareInstance.h */ = {isa = PBXFileReference; fileEncoding = 4; lastKnownFileType = sourcecode.c.h; path = AVGLShareInstance.h; sourceTree = "<group>"; };
		CF1612011E6C019200C6A6DA /* AVGLShareInstance.m */ = {isa = PBXFileReference; fileEncoding = 4; lastKnownFileType = sourcecode.c.objc; path = AVGLShareInstance.m; sourceTree = "<group>"; };
		CF1612021E6C019200C6A6DA /* AVOpenGLHeader.h */ = {isa = PBXFileReference; fileEncoding = 4; lastKnownFileType = sourcecode.c.h; path = AVOpenGLHeader.h; sourceTree = "<group>"; };
		CF1612031E6C019200C6A6DA /* Shaderf.glsl */ = {isa = PBXFileReference; fileEncoding = 4; lastKnownFileType = text; path = Shaderf.glsl; sourceTree = "<group>"; };
		CF1612041E6C019200C6A6DA /* Shaderv.glsl */ = {isa = PBXFileReference; fileEncoding = 4; lastKnownFileType = text; path = Shaderv.glsl; sourceTree = "<group>"; };
		CF1612171E6C01D300C6A6DA /* TCAVLivePreView.h */ = {isa = PBXFileReference; fileEncoding = 4; lastKnownFileType = sourcecode.c.h; path = TCAVLivePreView.h; sourceTree = "<group>"; };
		CF1612181E6C01D300C6A6DA /* TCAVLivePreView.m */ = {isa = PBXFileReference; fileEncoding = 4; lastKnownFileType = sourcecode.c.objc; path = TCAVLivePreView.m; sourceTree = "<group>"; };
		CF16121B1E6C023E00C6A6DA /* TCAVFrameDispatcher.h */ = {isa = PBXFileReference; fileEncoding = 4; lastKnownFileType = sourcecode.c.h; path = TCAVFrameDispatcher.h; sourceTree = "<group>"; };
		CF16121C1E6C023E00C6A6DA /* TCAVFrameDispatcher.m */ = {isa = PBXFileReference; fileEncoding = 4; lastKnownFileType = sourcecode.c.objc; path = TCAVFrameDispatcher.m; sourceTree = "<group>"; };
		CF1612241E6C032500C6A6DA /* TCIMUserEntity.h */ = {isa = PBXFileReference; fileEncoding = 4; lastKnownFileType = sourcecode.c.h; path = TCIMUserEntity.h; sourceTree = "<group>"; };
		CF1612251E6C032500C6A6DA /* TCIMUserEntity.m */ = {isa = PBXFileReference; fileEncoding = 4; lastKnownFileType = sourcecode.c.objc; path = TCIMUserEntity.m; sourceTree = "<group>"; };
		CF1612281E6C033300C6A6DA /* TCAVIMUserEntity.h */ = {isa = PBXFileReference; fileEncoding = 4; lastKnownFileType = sourcecode.c.h; path = TCAVIMUserEntity.h; sourceTree = "<group>"; };
		CF1612291E6C033300C6A6DA /* TCAVIMUserEntity.m */ = {isa = PBXFileReference; fileEncoding = 4; lastKnownFileType = sourcecode.c.objc; path = TCAVIMUserEntity.m; sourceTree = "<group>"; };
		CF16122D1E6C03AF00C6A6DA /* TCIMManager.h */ = {isa = PBXFileReference; fileEncoding = 4; lastKnownFileType = sourcecode.c.h; path = TCIMManager.h; sourceTree = "<group>"; };
		CF16122E1E6C03AF00C6A6DA /* TCIMManager.m */ = {isa = PBXFileReference; fileEncoding = 4; lastKnownFileType = sourcecode.c.objc; path = TCIMManager.m; sourceTree = "<group>"; };
		CF1612311E6C04D100C6A6DA /* TCIMHost.h */ = {isa = PBXFileReference; fileEncoding = 4; lastKnownFileType = sourcecode.c.h; path = TCIMHost.h; sourceTree = "<group>"; };
		CF1612321E6C04D100C6A6DA /* TCIMHost.m */ = {isa = PBXFileReference; fileEncoding = 4; lastKnownFileType = sourcecode.c.objc; path = TCIMHost.m; sourceTree = "<group>"; };
		CF1612331E6C04D100C6A6DA /* TCIMLoginParam.h */ = {isa = PBXFileReference; fileEncoding = 4; lastKnownFileType = sourcecode.c.h; path = TCIMLoginParam.h; sourceTree = "<group>"; };
		CF1612341E6C04D100C6A6DA /* TCIMLoginParam.m */ = {isa = PBXFileReference; fileEncoding = 4; lastKnownFileType = sourcecode.c.objc; path = TCIMLoginParam.m; sourceTree = "<group>"; };
		CF16124B1E6C061600C6A6DA /* libsqlite3.tbd */ = {isa = PBXFileReference; lastKnownFileType = "sourcecode.text-based-dylib-definition"; name = libsqlite3.tbd; path = usr/lib/libsqlite3.tbd; sourceTree = SDKROOT; };
		CF16124D1E6C061B00C6A6DA /* AVFoundation.framework */ = {isa = PBXFileReference; lastKnownFileType = wrapper.framework; name = AVFoundation.framework; path = System/Library/Frameworks/AVFoundation.framework; sourceTree = SDKROOT; };
		CF16124F1E6C062000C6A6DA /* UIKit.framework */ = {isa = PBXFileReference; lastKnownFileType = wrapper.framework; name = UIKit.framework; path = System/Library/Frameworks/UIKit.framework; sourceTree = SDKROOT; };
		CF1612511E6C062700C6A6DA /* Security.framework */ = {isa = PBXFileReference; lastKnownFileType = wrapper.framework; name = Security.framework; path = System/Library/Frameworks/Security.framework; sourceTree = SDKROOT; };
		CF1612531E6C062C00C6A6DA /* ImageIO.framework */ = {isa = PBXFileReference; lastKnownFileType = wrapper.framework; name = ImageIO.framework; path = System/Library/Frameworks/ImageIO.framework; sourceTree = SDKROOT; };
		CF1612551E6C063600C6A6DA /* SystemConfiguration.framework */ = {isa = PBXFileReference; lastKnownFileType = wrapper.framework; name = SystemConfiguration.framework; path = System/Library/Frameworks/SystemConfiguration.framework; sourceTree = SDKROOT; };
		CF1612571E6C063E00C6A6DA /* libc++.tbd */ = {isa = PBXFileReference; lastKnownFileType = "sourcecode.text-based-dylib-definition"; name = "libc++.tbd"; path = "usr/lib/libc++.tbd"; sourceTree = SDKROOT; };
		CF1612591E6C064600C6A6DA /* libiconv.tbd */ = {isa = PBXFileReference; lastKnownFileType = "sourcecode.text-based-dylib-definition"; name = libiconv.tbd; path = usr/lib/libiconv.tbd; sourceTree = SDKROOT; };
		CF16125B1E6C064C00C6A6DA /* AudioToolbox.framework */ = {isa = PBXFileReference; lastKnownFileType = wrapper.framework; name = AudioToolbox.framework; path = System/Library/Frameworks/AudioToolbox.framework; sourceTree = SDKROOT; };
		CF16125D1E6C065400C6A6DA /* CoreTelephony.framework */ = {isa = PBXFileReference; lastKnownFileType = wrapper.framework; name = CoreTelephony.framework; path = System/Library/Frameworks/CoreTelephony.framework; sourceTree = SDKROOT; };
		CF16125F1E6C065D00C6A6DA /* CoreText.framework */ = {isa = PBXFileReference; lastKnownFileType = wrapper.framework; name = CoreText.framework; path = System/Library/Frameworks/CoreText.framework; sourceTree = SDKROOT; };
		CF1612611E6C066300C6A6DA /* MobileCoreServices.framework */ = {isa = PBXFileReference; lastKnownFileType = wrapper.framework; name = MobileCoreServices.framework; path = System/Library/Frameworks/MobileCoreServices.framework; sourceTree = SDKROOT; };
		CF1612631E6C066900C6A6DA /* libz.tbd */ = {isa = PBXFileReference; lastKnownFileType = "sourcecode.text-based-dylib-definition"; name = libz.tbd; path = usr/lib/libz.tbd; sourceTree = SDKROOT; };
		CF1612651E6C066F00C6A6DA /* libstdc++.6.tbd */ = {isa = PBXFileReference; lastKnownFileType = "sourcecode.text-based-dylib-definition"; name = "libstdc++.6.tbd"; path = "usr/lib/libstdc++.6.tbd"; sourceTree = SDKROOT; };
		CF1612671E6C067500C6A6DA /* libresolv.tbd */ = {isa = PBXFileReference; lastKnownFileType = "sourcecode.text-based-dylib-definition"; name = libresolv.tbd; path = usr/lib/libresolv.tbd; sourceTree = SDKROOT; };
		CF16126B1E6C074100C6A6DA /* TCAVShareContext.h */ = {isa = PBXFileReference; fileEncoding = 4; lastKnownFileType = sourcecode.c.h; path = TCAVShareContext.h; sourceTree = "<group>"; };
		CF16126C1E6C074100C6A6DA /* TCAVShareContext.m */ = {isa = PBXFileReference; fileEncoding = 4; lastKnownFileType = sourcecode.c.objc; path = TCAVShareContext.m; sourceTree = "<group>"; };
		CF1612771E6C07EE00C6A6DA /* TCAVHost.h */ = {isa = PBXFileReference; fileEncoding = 4; lastKnownFileType = sourcecode.c.h; path = TCAVHost.h; sourceTree = "<group>"; };
		CF1612781E6C07EE00C6A6DA /* TCAVHost.m */ = {isa = PBXFileReference; fileEncoding = 4; lastKnownFileType = sourcecode.c.objc; path = TCAVHost.m; sourceTree = "<group>"; };
		CF1612791E6C07EE00C6A6DA /* TCAVIMAdapter.h */ = {isa = PBXFileReference; fileEncoding = 4; lastKnownFileType = sourcecode.c.h; path = TCAVIMAdapter.h; sourceTree = "<group>"; };
		CF16127A1E6C07EE00C6A6DA /* TCAVIMAdapter.m */ = {isa = PBXFileReference; fileEncoding = 4; lastKnownFileType = sourcecode.c.objc; path = TCAVIMAdapter.m; sourceTree = "<group>"; };
		CF1612921E6C0B7600C6A6DA /* Analytics.framework */ = {isa = PBXFileReference; lastKnownFileType = wrapper.framework; path = Analytics.framework; sourceTree = "<group>"; };
		CF1612941E6C0B7600C6A6DA /* IMCore.framework */ = {isa = PBXFileReference; lastKnownFileType = wrapper.framework; path = IMCore.framework; sourceTree = "<group>"; };
		CF1612951E6C0B7600C6A6DA /* ImSDK.framework */ = {isa = PBXFileReference; lastKnownFileType = wrapper.framework; path = ImSDK.framework; sourceTree = "<group>"; };
		CF1612961E6C0B7600C6A6DA /* IMSDKBugly.framework */ = {isa = PBXFileReference; lastKnownFileType = wrapper.framework; path = IMSDKBugly.framework; sourceTree = "<group>"; };
		CF1612971E6C0B7600C6A6DA /* QALSDK.framework */ = {isa = PBXFileReference; lastKnownFileType = wrapper.framework; path = QALSDK.framework; sourceTree = "<group>"; };
		CF1612981E6C0B7600C6A6DA /* QAVSDK.framework */ = {isa = PBXFileReference; lastKnownFileType = wrapper.framework; path = QAVSDK.framework; sourceTree = "<group>"; };
		CF16129A1E6C0B7600C6A6DA /* xplatform.framework */ = {isa = PBXFileReference; lastKnownFileType = wrapper.framework; path = xplatform.framework; sourceTree = "<group>"; };
		CF43B64C1E73E46800A586E4 /* TLSSDK.framework */ = {isa = PBXFileReference; lastKnownFileType = wrapper.framework; path = TLSSDK.framework; sourceTree = "<group>"; };
		CF43B64E1E73E69100A586E4 /* TLSUI.framework */ = {isa = PBXFileReference; lastKnownFileType = wrapper.framework; path = TLSUI.framework; sourceTree = "<group>"; };
		CF43B65A1E73E71E00A586E4 /* WXApi.h */ = {isa = PBXFileReference; fileEncoding = 4; lastKnownFileType = sourcecode.c.h; path = WXApi.h; sourceTree = "<group>"; };
		CF43B65B1E73E71E00A586E4 /* WXApiObject.h */ = {isa = PBXFileReference; fileEncoding = 4; lastKnownFileType = sourcecode.c.h; path = WXApiObject.h; sourceTree = "<group>"; };
		CF43B65C1E73E71E00A586E4 /* libWeChatSDK.a */ = {isa = PBXFileReference; lastKnownFileType = archive.ar; path = libWeChatSDK.a; sourceTree = "<group>"; };
/* End PBXFileReference section */

/* Begin PBXFrameworksBuildPhase section */
		CF1611DE1E6C005D00C6A6DA /* Frameworks */ = {
			isa = PBXFrameworksBuildPhase;
			buildActionMask = 2147483647;
			files = (
				CF1612681E6C067500C6A6DA /* libresolv.tbd in Frameworks */,
				CF16129F1E6C0B7600C6A6DA /* IMSDKBugly.framework in Frameworks */,
				CF1612661E6C066F00C6A6DA /* libstdc++.6.tbd in Frameworks */,
				CF1612641E6C066900C6A6DA /* libz.tbd in Frameworks */,
				CF1612621E6C066300C6A6DA /* MobileCoreServices.framework in Frameworks */,
				CF1612601E6C065D00C6A6DA /* CoreText.framework in Frameworks */,
				CF16125E1E6C065400C6A6DA /* CoreTelephony.framework in Frameworks */,
				CF16125C1E6C064C00C6A6DA /* AudioToolbox.framework in Frameworks */,
				CF1612A01E6C0B7600C6A6DA /* QALSDK.framework in Frameworks */,
				CF16129B1E6C0B7600C6A6DA /* Analytics.framework in Frameworks */,
				CF16125A1E6C064600C6A6DA /* libiconv.tbd in Frameworks */,
				CF1612581E6C063E00C6A6DA /* libc++.tbd in Frameworks */,
				CF1612561E6C063600C6A6DA /* SystemConfiguration.framework in Frameworks */,
				CF16129E1E6C0B7600C6A6DA /* ImSDK.framework in Frameworks */,
				CF43B64D1E73E46800A586E4 /* TLSSDK.framework in Frameworks */,
				CF16124E1E6C061B00C6A6DA /* AVFoundation.framework in Frameworks */,
				CF16129D1E6C0B7600C6A6DA /* IMCore.framework in Frameworks */,
				CF1612541E6C062C00C6A6DA /* ImageIO.framework in Frameworks */,
				CF1612521E6C062700C6A6DA /* Security.framework in Frameworks */,
				CF43B65F1E73E71E00A586E4 /* libWeChatSDK.a in Frameworks */,
				CF1612A11E6C0B7600C6A6DA /* QAVSDK.framework in Frameworks */,
				CF43B64F1E73E69100A586E4 /* TLSUI.framework in Frameworks */,
				CF1612A31E6C0B7600C6A6DA /* xplatform.framework in Frameworks */,
				CF1612501E6C062000C6A6DA /* UIKit.framework in Frameworks */,
				CF16124C1E6C061600C6A6DA /* libsqlite3.tbd in Frameworks */,
			);
			runOnlyForDeploymentPostprocessing = 0;
		};
/* End PBXFrameworksBuildPhase section */

/* Begin PBXGroup section */
		CF1611D81E6C005D00C6A6DA = {
			isa = PBXGroup;
			children = (
				CF1611E41E6C005D00C6A6DA /* TCVideoCallAdapterKit */,
				CF1611E31E6C005D00C6A6DA /* Products */,
				CF16123A1E6C05D600C6A6DA /* Frameworks */,
			);
			sourceTree = "<group>";
		};
		CF1611E31E6C005D00C6A6DA /* Products */ = {
			isa = PBXGroup;
			children = (
				CF1611E21E6C005D00C6A6DA /* TCVideoCallAdapterKit.framework */,
			);
			name = Products;
			sourceTree = "<group>";
		};
		CF1611E41E6C005D00C6A6DA /* TCVideoCallAdapterKit */ = {
			isa = PBXGroup;
			children = (
				CF16127F1E6C0ACB00C6A6DA /* Frameworks */,
				CF1612691E6C072600C6A6DA /* TCAVIMAdapter */,
				CF16122C1E6C03A700C6A6DA /* TCIMManager */,
				CF1612231E6C030100C6A6DA /* UserEntity */,
				CF1612161E6C01BC00C6A6DA /* AVLivePreView */,
				CF1611F21E6C017F00C6A6DA /* OpenGL */,
				CF1611ED1E6C00F900C6A6DA /* Header */,
				CF1611E61E6C005D00C6A6DA /* Info.plist */,
			);
			path = TCVideoCallAdapterKit;
			sourceTree = "<group>";
		};
		CF1611ED1E6C00F900C6A6DA /* Header */ = {
			isa = PBXGroup;
			children = (
				CF1611EE1E6C00F900C6A6DA /* TCVideoCallAdapterKit-PrefixHeader.pch */,
				CF1611EF1E6C00F900C6A6DA /* TCVideoCallAdapterKit.h */,
			);
			path = Header;
			sourceTree = "<group>";
		};
		CF1611F21E6C017F00C6A6DA /* OpenGL */ = {
			isa = PBXGroup;
			children = (
				CF1611F31E6C019200C6A6DA /* AVOpenGL */,
			);
			path = OpenGL;
			sourceTree = "<group>";
		};
		CF1611F31E6C019200C6A6DA /* AVOpenGL */ = {
			isa = PBXGroup;
			children = (
				CF1611F41E6C019200C6A6DA /* AVFrameDispatcher.h */,
				CF1611F51E6C019200C6A6DA /* AVFrameDispatcher.m */,
				CF1611F61E6C019200C6A6DA /* AVGLBaseView.h */,
				CF1611F71E6C019200C6A6DA /* AVGLBaseView.m */,
				CF1611F81E6C019200C6A6DA /* AVGLCommon.h */,
				CF1611F91E6C019200C6A6DA /* AVGLCommon.m */,
				CF1611FA1E6C019200C6A6DA /* AVGLImage.h */,
				CF1611FB1E6C019200C6A6DA /* AVGLImage.m */,
				CF1611FC1E6C019200C6A6DA /* AVGLRenderView+Animation.h */,
				CF1611FD1E6C019200C6A6DA /* AVGLRenderView+Animation.m */,
				CF1611FE1E6C019200C6A6DA /* AVGLRenderView.h */,
				CF1611FF1E6C019200C6A6DA /* AVGLRenderView.mm */,
				CF1612001E6C019200C6A6DA /* AVGLShareInstance.h */,
				CF1612011E6C019200C6A6DA /* AVGLShareInstance.m */,
				CF1612021E6C019200C6A6DA /* AVOpenGLHeader.h */,
				CF1612031E6C019200C6A6DA /* Shaderf.glsl */,
				CF1612041E6C019200C6A6DA /* Shaderv.glsl */,
			);
			path = AVOpenGL;
			sourceTree = "<group>";
		};
		CF1612161E6C01BC00C6A6DA /* AVLivePreView */ = {
			isa = PBXGroup;
			children = (
				CF1612171E6C01D300C6A6DA /* TCAVLivePreView.h */,
				CF1612181E6C01D300C6A6DA /* TCAVLivePreView.m */,
				CF16121B1E6C023E00C6A6DA /* TCAVFrameDispatcher.h */,
				CF16121C1E6C023E00C6A6DA /* TCAVFrameDispatcher.m */,
			);
			path = AVLivePreView;
			sourceTree = "<group>";
		};
		CF1612231E6C030100C6A6DA /* UserEntity */ = {
			isa = PBXGroup;
			children = (
				CF1612241E6C032500C6A6DA /* TCIMUserEntity.h */,
				CF1612251E6C032500C6A6DA /* TCIMUserEntity.m */,
				CF1612281E6C033300C6A6DA /* TCAVIMUserEntity.h */,
				CF1612291E6C033300C6A6DA /* TCAVIMUserEntity.m */,
			);
			path = UserEntity;
			sourceTree = "<group>";
		};
		CF16122C1E6C03A700C6A6DA /* TCIMManager */ = {
			isa = PBXGroup;
			children = (
				CF16122D1E6C03AF00C6A6DA /* TCIMManager.h */,
				CF16122E1E6C03AF00C6A6DA /* TCIMManager.m */,
				CF1612311E6C04D100C6A6DA /* TCIMHost.h */,
				CF1612321E6C04D100C6A6DA /* TCIMHost.m */,
				CF1612331E6C04D100C6A6DA /* TCIMLoginParam.h */,
				CF1612341E6C04D100C6A6DA /* TCIMLoginParam.m */,
			);
			path = TCIMManager;
			sourceTree = "<group>";
		};
		CF16123A1E6C05D600C6A6DA /* Frameworks */ = {
			isa = PBXGroup;
			children = (
				CF1612671E6C067500C6A6DA /* libresolv.tbd */,
				CF1612651E6C066F00C6A6DA /* libstdc++.6.tbd */,
				CF1612631E6C066900C6A6DA /* libz.tbd */,
				CF1612611E6C066300C6A6DA /* MobileCoreServices.framework */,
				CF16125F1E6C065D00C6A6DA /* CoreText.framework */,
				CF16125D1E6C065400C6A6DA /* CoreTelephony.framework */,
				CF16125B1E6C064C00C6A6DA /* AudioToolbox.framework */,
				CF1612591E6C064600C6A6DA /* libiconv.tbd */,
				CF1612571E6C063E00C6A6DA /* libc++.tbd */,
				CF1612551E6C063600C6A6DA /* SystemConfiguration.framework */,
				CF1612531E6C062C00C6A6DA /* ImageIO.framework */,
				CF1612511E6C062700C6A6DA /* Security.framework */,
				CF16124F1E6C062000C6A6DA /* UIKit.framework */,
				CF16124D1E6C061B00C6A6DA /* AVFoundation.framework */,
				CF16124B1E6C061600C6A6DA /* libsqlite3.tbd */,
			);
			name = Frameworks;
			sourceTree = "<group>";
		};
		CF1612691E6C072600C6A6DA /* TCAVIMAdapter */ = {
			isa = PBXGroup;
			children = (
				CF1612771E6C07EE00C6A6DA /* TCAVHost.h */,
				CF1612781E6C07EE00C6A6DA /* TCAVHost.m */,
				CF1612791E6C07EE00C6A6DA /* TCAVIMAdapter.h */,
				CF16127A1E6C07EE00C6A6DA /* TCAVIMAdapter.m */,
				CF16126A1E6C073800C6A6DA /* ShareContext */,
			);
			path = TCAVIMAdapter;
			sourceTree = "<group>";
		};
		CF16126A1E6C073800C6A6DA /* ShareContext */ = {
			isa = PBXGroup;
			children = (
				CF16126B1E6C074100C6A6DA /* TCAVShareContext.h */,
				CF16126C1E6C074100C6A6DA /* TCAVShareContext.m */,
			);
			path = ShareContext;
			sourceTree = "<group>";
		};
		CF16127F1E6C0ACB00C6A6DA /* Frameworks */ = {
			isa = PBXGroup;
			children = (
				CF43B6581E73E71E00A586E4 /* WXApi */,
				CF43B64E1E73E69100A586E4 /* TLSUI.framework */,
				CF43B64C1E73E46800A586E4 /* TLSSDK.framework */,
				CF1612921E6C0B7600C6A6DA /* Analytics.framework */,
				CF1612941E6C0B7600C6A6DA /* IMCore.framework */,
				CF1612951E6C0B7600C6A6DA /* ImSDK.framework */,
				CF1612961E6C0B7600C6A6DA /* IMSDKBugly.framework */,
				CF1612971E6C0B7600C6A6DA /* QALSDK.framework */,
				CF1612981E6C0B7600C6A6DA /* QAVSDK.framework */,
				CF16129A1E6C0B7600C6A6DA /* xplatform.framework */,
			);
			path = Frameworks;
			sourceTree = "<group>";
		};
		CF43B6581E73E71E00A586E4 /* WXApi */ = {
			isa = PBXGroup;
			children = (
				CF43B6591E73E71E00A586E4 /* Headers */,
				CF43B65C1E73E71E00A586E4 /* libWeChatSDK.a */,
			);
			path = WXApi;
			sourceTree = "<group>";
		};
		CF43B6591E73E71E00A586E4 /* Headers */ = {
			isa = PBXGroup;
			children = (
				CF43B65A1E73E71E00A586E4 /* WXApi.h */,
				CF43B65B1E73E71E00A586E4 /* WXApiObject.h */,
			);
			path = Headers;
			sourceTree = "<group>";
		};
/* End PBXGroup section */

/* Begin PBXHeadersBuildPhase section */
		CF1611DF1E6C005D00C6A6DA /* Headers */ = {
			isa = PBXHeadersBuildPhase;
			buildActionMask = 2147483647;
			files = (
				CF1612191E6C01D300C6A6DA /* TCAVLivePreView.h in Headers */,
				CF16122A1E6C033300C6A6DA /* TCAVIMUserEntity.h in Headers */,
				CF1612261E6C032500C6A6DA /* TCIMUserEntity.h in Headers */,
				CF16127D1E6C07EE00C6A6DA /* TCAVIMAdapter.h in Headers */,
				CF16127B1E6C07EE00C6A6DA /* TCAVHost.h in Headers */,
				CF43B65E1E73E71E00A586E4 /* WXApiObject.h in Headers */,
				CF1612371E6C04D100C6A6DA /* TCIMLoginParam.h in Headers */,
				CF1612351E6C04D100C6A6DA /* TCIMHost.h in Headers */,
				CF16122F1E6C03AF00C6A6DA /* TCIMManager.h in Headers */,
				CF1611F11E6C00F900C6A6DA /* TCVideoCallAdapterKit.h in Headers */,
				CF43B65D1E73E71E00A586E4 /* WXApi.h in Headers */,
				CF16126D1E6C074100C6A6DA /* TCAVShareContext.h in Headers */,
				CF1612071E6C019200C6A6DA /* AVGLBaseView.h in Headers */,
				CF1612051E6C019200C6A6DA /* AVFrameDispatcher.h in Headers */,
				CF16121D1E6C023E00C6A6DA /* TCAVFrameDispatcher.h in Headers */,
				CF1612131E6C019200C6A6DA /* AVOpenGLHeader.h in Headers */,
				CF16120F1E6C019200C6A6DA /* AVGLRenderView.h in Headers */,
				CF1611F01E6C00F900C6A6DA /* TCVideoCallAdapterKit-PrefixHeader.pch in Headers */,
				CF16120B1E6C019200C6A6DA /* AVGLImage.h in Headers */,
				CF16120D1E6C019200C6A6DA /* AVGLRenderView+Animation.h in Headers */,
				CF1612091E6C019200C6A6DA /* AVGLCommon.h in Headers */,
				CF1612111E6C019200C6A6DA /* AVGLShareInstance.h in Headers */,
			);
			runOnlyForDeploymentPostprocessing = 0;
		};
/* End PBXHeadersBuildPhase section */

/* Begin PBXNativeTarget section */
		CF1611E11E6C005D00C6A6DA /* TCVideoCallAdapterKit */ = {
			isa = PBXNativeTarget;
			buildConfigurationList = CF1611EA1E6C005D00C6A6DA /* Build configuration list for PBXNativeTarget "TCVideoCallAdapterKit" */;
			buildPhases = (
				CF1611DD1E6C005D00C6A6DA /* Sources */,
				CF1611DE1E6C005D00C6A6DA /* Frameworks */,
				CF1611DF1E6C005D00C6A6DA /* Headers */,
				CF1611E01E6C005D00C6A6DA /* Resources */,
			);
			buildRules = (
			);
			dependencies = (
			);
			name = TCVideoCallAdapterKit;
			productName = TCVideoCallAdapterKit;
			productReference = CF1611E21E6C005D00C6A6DA /* TCVideoCallAdapterKit.framework */;
			productType = "com.apple.product-type.framework";
		};
/* End PBXNativeTarget section */

/* Begin PBXProject section */
		CF1611D91E6C005D00C6A6DA /* Project object */ = {
			isa = PBXProject;
			attributes = {
				LastUpgradeCheck = 0820;
				ORGANIZATIONNAME = "任清阳";
				TargetAttributes = {
					CF1611E11E6C005D00C6A6DA = {
						CreatedOnToolsVersion = 8.2.1;
						ProvisioningStyle = Automatic;
					};
				};
			};
			buildConfigurationList = CF1611DC1E6C005D00C6A6DA /* Build configuration list for PBXProject "TCVideoCallAdapterKit" */;
			compatibilityVersion = "Xcode 3.2";
			developmentRegion = English;
			hasScannedForEncodings = 0;
			knownRegions = (
				en,
			);
			mainGroup = CF1611D81E6C005D00C6A6DA;
			productRefGroup = CF1611E31E6C005D00C6A6DA /* Products */;
			projectDirPath = "";
			projectRoot = "";
			targets = (
				CF1611E11E6C005D00C6A6DA /* TCVideoCallAdapterKit */,
			);
		};
/* End PBXProject section */

/* Begin PBXResourcesBuildPhase section */
		CF1611E01E6C005D00C6A6DA /* Resources */ = {
			isa = PBXResourcesBuildPhase;
			buildActionMask = 2147483647;
			files = (
				CF1612141E6C019200C6A6DA /* Shaderf.glsl in Resources */,
				CF1612151E6C019200C6A6DA /* Shaderv.glsl in Resources */,
			);
			runOnlyForDeploymentPostprocessing = 0;
		};
/* End PBXResourcesBuildPhase section */

/* Begin PBXSourcesBuildPhase section */
		CF1611DD1E6C005D00C6A6DA /* Sources */ = {
			isa = PBXSourcesBuildPhase;
			buildActionMask = 2147483647;
			files = (
				CF1612381E6C04D100C6A6DA /* TCIMLoginParam.m in Sources */,
				CF1612361E6C04D100C6A6DA /* TCIMHost.m in Sources */,
				CF16121E1E6C023E00C6A6DA /* TCAVFrameDispatcher.m in Sources */,
				CF16122B1E6C033300C6A6DA /* TCAVIMUserEntity.m in Sources */,
				CF1612061E6C019200C6A6DA /* AVFrameDispatcher.m in Sources */,
				CF16120A1E6C019200C6A6DA /* AVGLCommon.m in Sources */,
				CF1612121E6C019200C6A6DA /* AVGLShareInstance.m in Sources */,
				CF16127C1E6C07EE00C6A6DA /* TCAVHost.m in Sources */,
				CF16121A1E6C01D300C6A6DA /* TCAVLivePreView.m in Sources */,
				CF1612301E6C03AF00C6A6DA /* TCIMManager.m in Sources */,
				CF1612101E6C019200C6A6DA /* AVGLRenderView.mm in Sources */,
				CF1612081E6C019200C6A6DA /* AVGLBaseView.m in Sources */,
				CF1612271E6C032500C6A6DA /* TCIMUserEntity.m in Sources */,
				CF16120C1E6C019200C6A6DA /* AVGLImage.m in Sources */,
				CF16126E1E6C074100C6A6DA /* TCAVShareContext.m in Sources */,
				CF16120E1E6C019200C6A6DA /* AVGLRenderView+Animation.m in Sources */,
				CF16127E1E6C07EE00C6A6DA /* TCAVIMAdapter.m in Sources */,
			);
			runOnlyForDeploymentPostprocessing = 0;
		};
/* End PBXSourcesBuildPhase section */

/* Begin XCBuildConfiguration section */
		CF1611E81E6C005D00C6A6DA /* Debug */ = {
			isa = XCBuildConfiguration;
			buildSettings = {
				ALWAYS_SEARCH_USER_PATHS = NO;
				CLANG_ANALYZER_NONNULL = YES;
				CLANG_CXX_LANGUAGE_STANDARD = "gnu++0x";
				CLANG_CXX_LIBRARY = "libc++";
				CLANG_ENABLE_MODULES = YES;
				CLANG_ENABLE_OBJC_ARC = YES;
				CLANG_WARN_BOOL_CONVERSION = YES;
				CLANG_WARN_CONSTANT_CONVERSION = YES;
				CLANG_WARN_DIRECT_OBJC_ISA_USAGE = YES_ERROR;
				CLANG_WARN_DOCUMENTATION_COMMENTS = YES;
				CLANG_WARN_EMPTY_BODY = YES;
				CLANG_WARN_ENUM_CONVERSION = YES;
				CLANG_WARN_INFINITE_RECURSION = YES;
				CLANG_WARN_INT_CONVERSION = YES;
				CLANG_WARN_OBJC_ROOT_CLASS = YES_ERROR;
				CLANG_WARN_SUSPICIOUS_MOVE = YES;
				CLANG_WARN_UNREACHABLE_CODE = YES;
				CLANG_WARN__DUPLICATE_METHOD_MATCH = YES;
				"CODE_SIGN_IDENTITY[sdk=iphoneos*]" = "iPhone Developer";
				COPY_PHASE_STRIP = NO;
				CURRENT_PROJECT_VERSION = 1;
				DEBUG_INFORMATION_FORMAT = dwarf;
				ENABLE_STRICT_OBJC_MSGSEND = YES;
				ENABLE_TESTABILITY = YES;
				GCC_C_LANGUAGE_STANDARD = gnu99;
				GCC_DYNAMIC_NO_PIC = NO;
				GCC_NO_COMMON_BLOCKS = YES;
				GCC_OPTIMIZATION_LEVEL = 0;
				GCC_PREPROCESSOR_DEFINITIONS = (
					"DEBUG=1",
					"$(inherited)",
				);
				GCC_WARN_64_TO_32_BIT_CONVERSION = YES;
				GCC_WARN_ABOUT_RETURN_TYPE = YES_ERROR;
				GCC_WARN_UNDECLARED_SELECTOR = YES;
				GCC_WARN_UNINITIALIZED_AUTOS = YES_AGGRESSIVE;
				GCC_WARN_UNUSED_FUNCTION = YES;
				GCC_WARN_UNUSED_VARIABLE = YES;
				IPHONEOS_DEPLOYMENT_TARGET = 10.2;
				MTL_ENABLE_DEBUG_INFO = YES;
				ONLY_ACTIVE_ARCH = YES;
				SDKROOT = iphoneos;
				TARGETED_DEVICE_FAMILY = "1,2";
				VERSIONING_SYSTEM = "apple-generic";
				VERSION_INFO_PREFIX = "";
			};
			name = Debug;
		};
		CF1611E91E6C005D00C6A6DA /* Release */ = {
			isa = XCBuildConfiguration;
			buildSettings = {
				ALWAYS_SEARCH_USER_PATHS = NO;
				CLANG_ANALYZER_NONNULL = YES;
				CLANG_CXX_LANGUAGE_STANDARD = "gnu++0x";
				CLANG_CXX_LIBRARY = "libc++";
				CLANG_ENABLE_MODULES = YES;
				CLANG_ENABLE_OBJC_ARC = YES;
				CLANG_WARN_BOOL_CONVERSION = YES;
				CLANG_WARN_CONSTANT_CONVERSION = YES;
				CLANG_WARN_DIRECT_OBJC_ISA_USAGE = YES_ERROR;
				CLANG_WARN_DOCUMENTATION_COMMENTS = YES;
				CLANG_WARN_EMPTY_BODY = YES;
				CLANG_WARN_ENUM_CONVERSION = YES;
				CLANG_WARN_INFINITE_RECURSION = YES;
				CLANG_WARN_INT_CONVERSION = YES;
				CLANG_WARN_OBJC_ROOT_CLASS = YES_ERROR;
				CLANG_WARN_SUSPICIOUS_MOVE = YES;
				CLANG_WARN_UNREACHABLE_CODE = YES;
				CLANG_WARN__DUPLICATE_METHOD_MATCH = YES;
				"CODE_SIGN_IDENTITY[sdk=iphoneos*]" = "iPhone Developer";
				COPY_PHASE_STRIP = NO;
				CURRENT_PROJECT_VERSION = 1;
				DEBUG_INFORMATION_FORMAT = "dwarf-with-dsym";
				ENABLE_NS_ASSERTIONS = NO;
				ENABLE_STRICT_OBJC_MSGSEND = YES;
				GCC_C_LANGUAGE_STANDARD = gnu99;
				GCC_NO_COMMON_BLOCKS = YES;
				GCC_WARN_64_TO_32_BIT_CONVERSION = YES;
				GCC_WARN_ABOUT_RETURN_TYPE = YES_ERROR;
				GCC_WARN_UNDECLARED_SELECTOR = YES;
				GCC_WARN_UNINITIALIZED_AUTOS = YES_AGGRESSIVE;
				GCC_WARN_UNUSED_FUNCTION = YES;
				GCC_WARN_UNUSED_VARIABLE = YES;
				IPHONEOS_DEPLOYMENT_TARGET = 10.2;
				MTL_ENABLE_DEBUG_INFO = NO;
				SDKROOT = iphoneos;
				TARGETED_DEVICE_FAMILY = "1,2";
				VALIDATE_PRODUCT = YES;
				VERSIONING_SYSTEM = "apple-generic";
				VERSION_INFO_PREFIX = "";
			};
			name = Release;
		};
		CF1611EB1E6C005D00C6A6DA /* Debug */ = {
			isa = XCBuildConfiguration;
			buildSettings = {
				CODE_SIGN_IDENTITY = "";
				DEFINES_MODULE = YES;
				DYLIB_COMPATIBILITY_VERSION = 1;
				DYLIB_CURRENT_VERSION = 1;
				DYLIB_INSTALL_NAME_BASE = "@rpath";
				ENABLE_BITCODE = NO;
				FRAMEWORK_SEARCH_PATHS = (
					"$(inherited)",
					"$(PROJECT_DIR)/TCVideoCallAdapterKit/Frameworks",
				);
				GCC_PREFIX_HEADER = "${PRODUCT_NAME}/Header/${PRODUCT_NAME}-PrefixHeader.pch";
				INFOPLIST_FILE = TCVideoCallAdapterKit/Info.plist;
				INSTALL_PATH = "$(LOCAL_LIBRARY_DIR)/Frameworks";
				LD_RUNPATH_SEARCH_PATHS = "$(inherited) @executable_path/Frameworks @loader_path/Frameworks";
				LIBRARY_SEARCH_PATHS = (
					"$(inherited)",
					"$(PROJECT_DIR)/TCVideoCallAdapterKit/Frameworks/WXApi",
				);
				PRODUCT_BUNDLE_IDENTIFIER = com.kobot.TCVideoCallAdapterKit;
				PRODUCT_NAME = "$(TARGET_NAME)";
				SKIP_INSTALL = YES;
			};
			name = Debug;
		};
		CF1611EC1E6C005D00C6A6DA /* Release */ = {
			isa = XCBuildConfiguration;
			buildSettings = {
				CODE_SIGN_IDENTITY = "";
				DEFINES_MODULE = YES;
				DYLIB_COMPATIBILITY_VERSION = 1;
				DYLIB_CURRENT_VERSION = 1;
				DYLIB_INSTALL_NAME_BASE = "@rpath";
				ENABLE_BITCODE = NO;
				FRAMEWORK_SEARCH_PATHS = (
					"$(inherited)",
					"$(PROJECT_DIR)/TCVideoCallAdapterKit/Frameworks",
				);
				GCC_PREFIX_HEADER = "${PRODUCT_NAME}/Header/${PRODUCT_NAME}-PrefixHeader.pch";
				INFOPLIST_FILE = TCVideoCallAdapterKit/Info.plist;
				INSTALL_PATH = "$(LOCAL_LIBRARY_DIR)/Frameworks";
				LD_RUNPATH_SEARCH_PATHS = "$(inherited) @executable_path/Frameworks @loader_path/Frameworks";
				LIBRARY_SEARCH_PATHS = (
					"$(inherited)",
					"$(PROJECT_DIR)/TCVideoCallAdapterKit/Frameworks/WXApi",
				);
				PRODUCT_BUNDLE_IDENTIFIER = com.kobot.TCVideoCallAdapterKit;
				PRODUCT_NAME = "$(TARGET_NAME)";
				SKIP_INSTALL = YES;
			};
			name = Release;
		};
/* End XCBuildConfiguration section */

/* Begin XCConfigurationList section */
		CF1611DC1E6C005D00C6A6DA /* Build configuration list for PBXProject "TCVideoCallAdapterKit" */ = {
			isa = XCConfigurationList;
			buildConfigurations = (
				CF1611E81E6C005D00C6A6DA /* Debug */,
				CF1611E91E6C005D00C6A6DA /* Release */,
			);
			defaultConfigurationIsVisible = 0;
			defaultConfigurationName = Release;
		};
		CF1611EA1E6C005D00C6A6DA /* Build configuration list for PBXNativeTarget "TCVideoCallAdapterKit" */ = {
			isa = XCConfigurationList;
			buildConfigurations = (
				CF1611EB1E6C005D00C6A6DA /* Debug */,
				CF1611EC1E6C005D00C6A6DA /* Release */,
			);
			defaultConfigurationIsVisible = 0;
			defaultConfigurationName = Release;
		};
/* End XCConfigurationList section */
	};
	rootObject = CF1611D91E6C005D00C6A6DA /* Project object */;
}
